
Microsoft Visual Studio Solution File, Format Version 12.00
# Visual Studio Version 17
VisualStudioVersion = 17.7.33906.173
MinimumVisualStudioVersion = 10.0.40219.1
Project("{FAE04EC0-301F-11D3-BF4B-00C04F79EFBC}") = "Monrach240Pre", "Monrach240Pre\Monrach240Pre.csproj", "{BAAEF865-FC13-4AD7-B957-EE70F7E8F733}"
EndProject
Global
	GlobalSection(SolutionConfigurationPlatforms) = preSolution
		Debug|Any CPU = Debug|Any CPU
		Release|Any CPU = Release|Any CPU
	EndGlobalSection
	GlobalSection(ProjectConfigurationPlatforms) = postSolution
		{BAAEF865-FC13-4AD7-B957-EE70F7E8F733}.Debug|Any CPU.ActiveCfg = Debug|Any CPU
		{BAAEF865-FC13-4AD7-B957-EE70F7E8F733}.Debug|Any CPU.Build.0 = Debug|Any CPU
		{BAAEF865-FC13-4AD7-B957-EE70F7E8F733}.Release|Any CPU.ActiveCfg = Release|Any CPU
		{BAAEF865-FC13-4AD7-B957-EE70F7E8F733}.Release|Any CPU.Build.0 = Release|Any CPU
	EndGlobalSection
	GlobalSection(SolutionProperties) = preSolution
		HideSolutionNode = FALSE
	EndGlobalSection
	GlobalSection(ExtensibilityGlobals) = postSolution
		SolutionGuid = {4F5D62F1-270C-4FA5-BA4A-C1C95AFB437E}
	EndGlobalSection
EndGlobal
